Microsoft Visual Studio Solution File, Format Version 12.00
# Visual Studio Version 17
VisualStudioVersion = 17.0.31903.59
MinimumVisualStudioVersion = 10.0.40219.1
Project("{9A19103F-16F7-4668-BE54-9A1E7A4F7556}") = "PropertyTree", "PropertyTree\PropertyTree.csproj", "{2D8F0A5C-1B9E-4C5D-8A2B-9F3E8D7C6B5A}"
EndProject
Project("{9A19103F-16F7-4668-BE54-9A1E7A4F7556}") = "PropertyTree.Tests", "PropertyTree.Tests\PropertyTree.Tests.csproj", "{3E9F1B6D-2C0F-5D6E-9B3C-AF4F9E8D7C6B}"
EndProject
Project("{9A19103F-16F7-4668-BE54-9A1E7A4F7556}") = "Benchmarks", "PropertyTree.Tests\Benchmarks\Benchmarks.csproj", "{C3F78814-6E49-415B-A0D8-983AF7CCEA13}"
EndProject
Global
	GlobalSection(SolutionConfigurationPlatforms) = preSolution
		Debug|Any CPU = Debug|Any CPU
		Release|Any CPU = Release|Any CPU
	EndGlobalSection
	GlobalSection(ProjectConfigurationPlatforms) = postSolution
		{2D8F0A5C-1B9E-4C5D-8A2B-9F3E8D7C6B5A}.Debug|Any CPU.ActiveCfg = Debug|Any CPU
		{2D8F0A5C-1B9E-4C5D-8A2B-9F3E8D7C6B5A}.Debug|Any CPU.Build.0 = Debug|Any CPU
		{2D8F0A5C-1B9E-4C5D-8A2B-9F3E8D7C6B5A}.Release|Any CPU.ActiveCfg = Release|Any CPU
		{2D8F0A5C-1B9E-4C5D-8A2B-9F3E8D7C6B5A}.Release|Any CPU.Build.0 = Release|Any CPU
		{3E9F1B6D-2C0F-5D6E-9B3C-AF4F9E8D7C6B}.Debug|Any CPU.ActiveCfg = Debug|Any CPU
		{3E9F1B6D-2C0F-5D6E-9B3C-AF4F9E8D7C6B}.Debug|Any CPU.Build.0 = Debug|Any CPU
		{3E9F1B6D-2C0F-5D6E-9B3C-AF4F9E8D7C6B}.Release|Any CPU.ActiveCfg = Release|Any CPU
		{3E9F1B6D-2C0F-5D6E-9B3C-AF4F9E8D7C6B}.Release|Any CPU.Build.0 = Release|Any CPU
		{C3F78814-6E49-415B-A0D8-983AF7CCEA13}.Debug|Any CPU.ActiveCfg = Debug|Any CPU
		{C3F78814-6E49-415B-A0D8-983AF7CCEA13}.Debug|Any CPU.Build.0 = Debug|Any CPU
		{C3F78814-6E49-415B-A0D8-983AF7CCEA13}.Release|Any CPU.ActiveCfg = Release|Any CPU
		{C3F78814-6E49-415B-A0D8-983AF7CCEA13}.Release|Any CPU.Build.0 = Release|Any CPU
	EndGlobalSection
	GlobalSection(SolutionProperties) = preSolution
		HideSolutionNode = FALSE
	EndGlobalSection
	GlobalSection(ExtensibilityGlobals) = postSolution
		SolutionGuid = {5A1B2C3D-4E5F-6789-ABCD-EF1234567890}
	EndGlobalSection
EndGlobal
